
Microsoft Visual Studio Solution File, Format Version 12.00
# Visual Studio 15
VisualStudioVersion = 15.0.28307.102
MinimumVisualStudioVersion = 10.0.40219.1
Project("{FAE04EC0-301F-11D3-BF4B-00C04F79EFBC}") = "Passwords", "Passwords\Passwords.csproj", "{B744AC2E-07DF-47DE-BF04-768BECDED74E}"
EndProject
Global
	GlobalSection(SolutionConfigurationPlatforms) = preSolution
		Debug|Any CPU = Debug|Any CPU
		Release|Any CPU = Release|Any CPU
	EndGlobalSection
	GlobalSection(ProjectConfigurationPlatforms) = postSolution
		{B744AC2E-07DF-47DE-BF04-768BECDED74E}.Debug|Any CPU.ActiveCfg = Debug|Any CPU
		{B744AC2E-07DF-47DE-BF04-768BECDED74E}.Debug|Any CPU.Build.0 = Debug|Any CPU
		{B744AC2E-07DF-47DE-BF04-768BECDED74E}.Release|Any CPU.ActiveCfg = Release|Any CPU
		{B744AC2E-07DF-47DE-BF04-768BECDED74E}.Release|Any CPU.Build.0 = Release|Any CPU
	EndGlobalSection
	GlobalSection(SolutionProperties) = preSolution
		HideSolutionNode = FALSE
	EndGlobalSection
	GlobalSection(ExtensibilityGlobals) = postSolution
		SolutionGuid = {22C556B7-E6DA-4593-B79E-2701428062A7}
	EndGlobalSection
EndGlobal
